// !$*UTF8*$!
{
	archiveVersion = 1;
	classes = {
	};
	objectVersion = 56;
	objects = {

/* Begin PBXBuildFile section */
		282BBAC22BAF1F380091B827 /* RemindersApp.swift in Sources */ = {isa = PBXBuildFile; fileRef = 282BBAC12BAF1F380091B827 /* RemindersApp.swift */; };
		282BBAC62BAF1F390091B827 /* Assets.xcassets in Resources */ = {isa = PBXBuildFile; fileRef = 282BBAC52BAF1F390091B827 /* Assets.xcassets */; };
		282BBAC92BAF1F390091B827 /* Preview Assets.xcassets in Resources */ = {isa = PBXBuildFile; fileRef = 282BBAC82BAF1F390091B827 /* Preview Assets.xcassets */; };
		282BBAD22BAF22210091B827 /* HomeViewModel.swift in Sources */ = {isa = PBXBuildFile; fileRef = 282BBAD12BAF22210091B827 /* HomeViewModel.swift */; };
		2836992D2BAF285200C95F04 /* ReminderCategory.swift in Sources */ = {isa = PBXBuildFile; fileRef = 2836992C2BAF285200C95F04 /* ReminderCategory.swift */; };
		283D70962BD384FA000B49E7 /* LocalNotificationManager.swift in Sources */ = {isa = PBXBuildFile; fileRef = 283D70952BD384FA000B49E7 /* LocalNotificationManager.swift */; };
		283D70982BD38840000B49E7 /* ReminderCategoryDetails.swift in Sources */ = {isa = PBXBuildFile; fileRef = 283D70972BD38840000B49E7 /* ReminderCategoryDetails.swift */; };
		283D709B2BD38E52000B49E7 /* LocalNotification.swift in Sources */ = {isa = PBXBuildFile; fileRef = 283D709A2BD38E52000B49E7 /* LocalNotification.swift */; };
		283D709D2BD4E09D000B49E7 /* moonwalk.jpeg in Resources */ = {isa = PBXBuildFile; fileRef = 283D709C2BD4E09D000B49E7 /* moonwalk.jpeg */; };
		283D70A02BD4E456000B49E7 /* NextView.swift in Sources */ = {isa = PBXBuildFile; fileRef = 283D709F2BD4E456000B49E7 /* NextView.swift */; };
		286D5FF42C20B29900448187 /* HomeView.swift in Sources */ = {isa = PBXBuildFile; fileRef = 286D5FF32C20B29900448187 /* HomeView.swift */; };
		286D5FF72C20BC2800448187 /* NavigationValues.swift in Sources */ = {isa = PBXBuildFile; fileRef = 286D5FF62C20BC2800448187 /* NavigationValues.swift */; };
		286D5FF92C20BCA700448187 /* ReminderList.swift in Sources */ = {isa = PBXBuildFile; fileRef = 286D5FF82C20BCA700448187 /* ReminderList.swift */; };
		286D5FFD2C20C0D000448187 /* View+.swift in Sources */ = {isa = PBXBuildFile; fileRef = 286D5FFC2C20C0D000448187 /* View+.swift */; };
		286D5FFF2C20C26300448187 /* NavigationManager.swift in Sources */ = {isa = PBXBuildFile; fileRef = 286D5FFE2C20C26300448187 /* NavigationManager.swift */; };
		286D60022C2356CF00448187 /* CategoriesView.swift in Sources */ = {isa = PBXBuildFile; fileRef = 286D60012C2356CF00448187 /* CategoriesView.swift */; };
		286D60062C26078F00448187 /* RemindersCategoryView.swift in Sources */ = {isa = PBXBuildFile; fileRef = 286D60052C26078F00448187 /* RemindersCategoryView.swift */; };
		28843FE12C319A6A00B8837D /* NewListView.swift in Sources */ = {isa = PBXBuildFile; fileRef = 28843FE02C319A6A00B8837D /* NewListView.swift */; };
		28AB8DB42C28215200A766E2 /* ListRowItem.swift in Sources */ = {isa = PBXBuildFile; fileRef = 28AB8DB32C28215200A766E2 /* ListRowItem.swift */; };
		28C0CB8A2C440B6F00B31B78 /* NewReminderView.swift in Sources */ = {isa = PBXBuildFile; fileRef = 28C0CB892C440B6F00B31B78 /* NewReminderView.swift */; };
		28C0CB8D2C440C0800B31B78 /* NewReminderViewModel.swift in Sources */ = {isa = PBXBuildFile; fileRef = 28C0CB8C2C440C0800B31B78 /* NewReminderViewModel.swift */; };
		28D5F8952C317E9200294939 /* NavigationModal.swift in Sources */ = {isa = PBXBuildFile; fileRef = 28D5F8942C317E9200294939 /* NavigationModal.swift */; };
		28D5F8992C3191CC00294939 /* BottomBar.swift in Sources */ = {isa = PBXBuildFile; fileRef = 28D5F8982C3191CC00294939 /* BottomBar.swift */; };
		28D5F89D2C31966000294939 /* NewReminderNavigationValues.swift in Sources */ = {isa = PBXBuildFile; fileRef = 28D5F89C2C31966000294939 /* NewReminderNavigationValues.swift */; };
		28EA81302C4D5C5B00E9CE25 /* HomeNavigationSheetValues.swift in Sources */ = {isa = PBXBuildFile; fileRef = 28EA812F2C4D5C5B00E9CE25 /* HomeNavigationSheetValues.swift */; };
/* End PBXBuildFile section */

/* Begin PBXFileReference section */
		282BBABE2BAF1F380091B827 /* Reminders.app */ = {isa = PBXFileReference; explicitFileType = wrapper.application; includeInIndex = 0; path = Reminders.app; sourceTree = BUILT_PRODUCTS_DIR; };
		282BBAC12BAF1F380091B827 /* RemindersApp.swift */ = {isa = PBXFileReference; lastKnownFileType = sourcecode.swift; path = RemindersApp.swift; sourceTree = "<group>"; };
		282BBAC52BAF1F390091B827 /* Assets.xcassets */ = {isa = PBXFileReference; lastKnownFileType = folder.assetcatalog; path = Assets.xcassets; sourceTree = "<group>"; };
		282BBAC82BAF1F390091B827 /* Preview Assets.xcassets */ = {isa = PBXFileReference; lastKnownFileType = folder.assetcatalog; path = "Preview Assets.xcassets"; sourceTree = "<group>"; };
		282BBAD12BAF22210091B827 /* HomeViewModel.swift */ = {isa = PBXFileReference; lastKnownFileType = sourcecode.swift; path = HomeViewModel.swift; sourceTree = "<group>"; };
		2836992C2BAF285200C95F04 /* ReminderCategory.swift */ = {isa = PBXFileReference; lastKnownFileType = sourcecode.swift; path = ReminderCategory.swift; sourceTree = "<group>"; };
		283D70952BD384FA000B49E7 /* LocalNotificationManager.swift */ = {isa = PBXFileReference; lastKnownFileType = sourcecode.swift; path = LocalNotificationManager.swift; sourceTree = "<group>"; };
		283D70972BD38840000B49E7 /* ReminderCategoryDetails.swift */ = {isa = PBXFileReference; lastKnownFileType = sourcecode.swift; path = ReminderCategoryDetails.swift; sourceTree = "<group>"; };
		283D709A2BD38E52000B49E7 /* LocalNotification.swift */ = {isa = PBXFileReference; lastKnownFileType = sourcecode.swift; path = LocalNotification.swift; sourceTree = "<group>"; };
		283D709C2BD4E09D000B49E7 /* moonwalk.jpeg */ = {isa = PBXFileReference; lastKnownFileType = image.jpeg; path = moonwalk.jpeg; sourceTree = "<group>"; };
		283D709F2BD4E456000B49E7 /* NextView.swift */ = {isa = PBXFileReference; lastKnownFileType = sourcecode.swift; path = NextView.swift; sourceTree = "<group>"; };
		286D5FF32C20B29900448187 /* HomeView.swift */ = {isa = PBXFileReference; lastKnownFileType = sourcecode.swift; path = HomeView.swift; sourceTree = "<group>"; };
		286D5FF62C20BC2800448187 /* NavigationValues.swift */ = {isa = PBXFileReference; lastKnownFileType = sourcecode.swift; path = NavigationValues.swift; sourceTree = "<group>"; };
		286D5FF82C20BCA700448187 /* ReminderList.swift */ = {isa = PBXFileReference; lastKnownFileType = sourcecode.swift; path = ReminderList.swift; sourceTree = "<group>"; };
		286D5FFC2C20C0D000448187 /* View+.swift */ = {isa = PBXFileReference; lastKnownFileType = sourcecode.swift; path = "View+.swift"; sourceTree = "<group>"; };
		286D5FFE2C20C26300448187 /* NavigationManager.swift */ = {isa = PBXFileReference; lastKnownFileType = sourcecode.swift; path = NavigationManager.swift; sourceTree = "<group>"; };
		286D60012C2356CF00448187 /* CategoriesView.swift */ = {isa = PBXFileReference; lastKnownFileType = sourcecode.swift; path = CategoriesView.swift; sourceTree = "<group>"; };
		286D60052C26078F00448187 /* RemindersCategoryView.swift */ = {isa = PBXFileReference; lastKnownFileType = sourcecode.swift; path = RemindersCategoryView.swift; sourceTree = "<group>"; };
		28843FE02C319A6A00B8837D /* NewListView.swift */ = {isa = PBXFileReference; lastKnownFileType = sourcecode.swift; path = NewListView.swift; sourceTree = "<group>"; };
		28AB8DB32C28215200A766E2 /* ListRowItem.swift */ = {isa = PBXFileReference; lastKnownFileType = sourcecode.swift; path = ListRowItem.swift; sourceTree = "<group>"; };
		28C0CB892C440B6F00B31B78 /* NewReminderView.swift */ = {isa = PBXFileReference; lastKnownFileType = sourcecode.swift; path = NewReminderView.swift; sourceTree = "<group>"; };
		28C0CB8C2C440C0800B31B78 /* NewReminderViewModel.swift */ = {isa = PBXFileReference; lastKnownFileType = sourcecode.swift; path = NewReminderViewModel.swift; sourceTree = "<group>"; };
		28D5F8942C317E9200294939 /* NavigationModal.swift */ = {isa = PBXFileReference; lastKnownFileType = sourcecode.swift; path = NavigationModal.swift; sourceTree = "<group>"; };
		28D5F8982C3191CC00294939 /* BottomBar.swift */ = {isa = PBXFileReference; lastKnownFileType = sourcecode.swift; path = BottomBar.swift; sourceTree = "<group>"; };
		28D5F89C2C31966000294939 /* NewReminderNavigationValues.swift */ = {isa = PBXFileReference; lastKnownFileType = sourcecode.swift; path = NewReminderNavigationValues.swift; sourceTree = "<group>"; };
		28EA812F2C4D5C5B00E9CE25 /* HomeNavigationSheetValues.swift */ = {isa = PBXFileReference; lastKnownFileType = sourcecode.swift; path = HomeNavigationSheetValues.swift; sourceTree = "<group>"; };
/* End PBXFileReference section */

/* Begin PBXFrameworksBuildPhase section */
		282BBABB2BAF1F380091B827 /* Frameworks */ = {
			isa = PBXFrameworksBuildPhase;
			buildActionMask = 2147483647;
			files = (
			);
			runOnlyForDeploymentPostprocessing = 0;
		};
/* End PBXFrameworksBuildPhase section */

/* Begin PBXGroup section */
		282BBAB52BAF1F370091B827 = {
			isa = PBXGroup;
			children = (
				283D709C2BD4E09D000B49E7 /* moonwalk.jpeg */,
				282BBAC02BAF1F380091B827 /* Reminders */,
				282BBABF2BAF1F380091B827 /* Products */,
			);
			sourceTree = "<group>";
		};
		282BBABF2BAF1F380091B827 /* Products */ = {
			isa = PBXGroup;
			children = (
				282BBABE2BAF1F380091B827 /* Reminders.app */,
			);
			name = Products;
			sourceTree = "<group>";
		};
		282BBAC02BAF1F380091B827 /* Reminders */ = {
			isa = PBXGroup;
			children = (
				286D5FF52C20BBFD00448187 /* Navigation */,
				283D709E2BD4E434000B49E7 /* Common */,
				283D70942BD384D0000B49E7 /* Services */,
				282BBAD32BAF225D0091B827 /* Models */,
				282BBAD02BAF220B0091B827 /* ViewModels */,
				282BBACF2BAF1FD70091B827 /* Views */,
				282BBAC12BAF1F380091B827 /* RemindersApp.swift */,
				282BBAC52BAF1F390091B827 /* Assets.xcassets */,
				282BBAC72BAF1F390091B827 /* Preview Content */,
			);
			path = Reminders;
			sourceTree = "<group>";
		};
		282BBAC72BAF1F390091B827 /* Preview Content */ = {
			isa = PBXGroup;
			children = (
				282BBAC82BAF1F390091B827 /* Preview Assets.xcassets */,
			);
			path = "Preview Content";
			sourceTree = "<group>";
		};
		282BBACF2BAF1FD70091B827 /* Views */ = {
			isa = PBXGroup;
			children = (
				28C0CB882C440B4400B31B78 /* NewRiminder */,
				28843FDF2C319A5000B8837D /* New List */,
				283699292BAF25B400C95F04 /* Components */,
				286D5FEF2C209E3800448187 /* Details */,
				286D5FEE2C209E1B00448187 /* Home */,
				286D5FFC2C20C0D000448187 /* View+.swift */,
			);
			path = Views;
			sourceTree = "<group>";
		};
		282BBAD02BAF220B0091B827 /* ViewModels */ = {
			isa = PBXGroup;
			children = (
				28C0CB8B2C440BEF00B31B78 /* NewReminder */,
				286D5FF02C209E6700448187 /* Home */,
			);
			path = ViewModels;
			sourceTree = "<group>";
		};
		282BBAD32BAF225D0091B827 /* Models */ = {
			isa = PBXGroup;
			children = (
				283D70992BD38E28000B49E7 /* Notifications */,
				2836992C2BAF285200C95F04 /* ReminderCategory.swift */,
				286D5FF82C20BCA700448187 /* ReminderList.swift */,
			);
			path = Models;
			sourceTree = "<group>";
		};
		283699292BAF25B400C95F04 /* Components */ = {
			isa = PBXGroup;
			children = (
				28AB8DB32C28215200A766E2 /* ListRowItem.swift */,
			);
			path = Components;
			sourceTree = "<group>";
		};
		283D70942BD384D0000B49E7 /* Services */ = {
			isa = PBXGroup;
			children = (
				283D70952BD384FA000B49E7 /* LocalNotificationManager.swift */,
				286D5FFE2C20C26300448187 /* NavigationManager.swift */,
			);
			path = Services;
			sourceTree = "<group>";
		};
		283D70992BD38E28000B49E7 /* Notifications */ = {
			isa = PBXGroup;
			children = (
				283D709A2BD38E52000B49E7 /* LocalNotification.swift */,
			);
			path = Notifications;
			sourceTree = "<group>";
		};
		283D709E2BD4E434000B49E7 /* Common */ = {
			isa = PBXGroup;
			children = (
				28D5F8932C317E6E00294939 /* Components */,
				283D709F2BD4E456000B49E7 /* NextView.swift */,
			);
			path = Common;
			sourceTree = "<group>";
		};
		286D5FEE2C209E1B00448187 /* Home */ = {
			isa = PBXGroup;
			children = (
				286D60002C2356B500448187 /* Components */,
				286D5FF32C20B29900448187 /* HomeView.swift */,
			);
			path = Home;
			sourceTree = "<group>";
		};
		286D5FEF2C209E3800448187 /* Details */ = {
			isa = PBXGroup;
			children = (
				283D70972BD38840000B49E7 /* ReminderCategoryDetails.swift */,
			);
			path = Details;
			sourceTree = "<group>";
		};
		286D5FF02C209E6700448187 /* Home */ = {
			isa = PBXGroup;
			children = (
				282BBAD12BAF22210091B827 /* HomeViewModel.swift */,
			);
			path = Home;
			sourceTree = "<group>";
		};
		286D5FF52C20BBFD00448187 /* Navigation */ = {
			isa = PBXGroup;
			children = (
				286D5FF62C20BC2800448187 /* NavigationValues.swift */,
				28D5F89C2C31966000294939 /* NewReminderNavigationValues.swift */,
				28EA812F2C4D5C5B00E9CE25 /* HomeNavigationSheetValues.swift */,
			);
			path = Navigation;
			sourceTree = "<group>";
		};
		286D60002C2356B500448187 /* Components */ = {
			isa = PBXGroup;
			children = (
				286D60012C2356CF00448187 /* CategoriesView.swift */,
				286D60052C26078F00448187 /* RemindersCategoryView.swift */,
				28D5F8982C3191CC00294939 /* BottomBar.swift */,
			);
			path = Components;
			sourceTree = "<group>";
		};
		28843FDF2C319A5000B8837D /* New List */ = {
			isa = PBXGroup;
			children = (
				28843FE02C319A6A00B8837D /* NewListView.swift */,
			);
			path = "New List";
			sourceTree = "<group>";
		};
		28C0CB882C440B4400B31B78 /* NewRiminder */ = {
			isa = PBXGroup;
			children = (
				28C0CB892C440B6F00B31B78 /* NewReminderView.swift */,
			);
			path = NewRiminder;
			sourceTree = "<group>";
		};
		28C0CB8B2C440BEF00B31B78 /* NewReminder */ = {
			isa = PBXGroup;
			children = (
				28C0CB8C2C440C0800B31B78 /* NewReminderViewModel.swift */,
			);
			path = NewReminder;
			sourceTree = "<group>";
		};
		28D5F8932C317E6E00294939 /* Components */ = {
			isa = PBXGroup;
			children = (
				28D5F8942C317E9200294939 /* NavigationModal.swift */,
			);
			path = Components;
			sourceTree = "<group>";
		};
/* End PBXGroup section */

/* Begin PBXNativeTarget section */
		282BBABD2BAF1F380091B827 /* Reminders */ = {
			isa = PBXNativeTarget;
			buildConfigurationList = 282BBACC2BAF1F390091B827 /* Build configuration list for PBXNativeTarget "Reminders" */;
			buildPhases = (
				282BBABA2BAF1F380091B827 /* Sources */,
				282BBABB2BAF1F380091B827 /* Frameworks */,
				282BBABC2BAF1F380091B827 /* Resources */,
			);
			buildRules = (
			);
			dependencies = (
			);
			name = Reminders;
			productName = Reminders;
			productReference = 282BBABE2BAF1F380091B827 /* Reminders.app */;
			productType = "com.apple.product-type.application";
		};
/* End PBXNativeTarget section */

/* Begin PBXProject section */
		282BBAB62BAF1F370091B827 /* Project object */ = {
			isa = PBXProject;
			attributes = {
				BuildIndependentTargetsInParallel = 1;
				LastSwiftUpdateCheck = 1540;
				LastUpgradeCheck = 1500;
				TargetAttributes = {
					282BBABD2BAF1F380091B827 = {
						CreatedOnToolsVersion = 15.0;
					};
				};
			};
			buildConfigurationList = 282BBAB92BAF1F370091B827 /* Build configuration list for PBXProject "Reminders" */;
			compatibilityVersion = "Xcode 14.0";
			developmentRegion = en;
			hasScannedForEncodings = 0;
			knownRegions = (
				en,
				Base,
			);
			mainGroup = 282BBAB52BAF1F370091B827;
			productRefGroup = 282BBABF2BAF1F380091B827 /* Products */;
			projectDirPath = "";
			projectRoot = "";
			targets = (
				282BBABD2BAF1F380091B827 /* Reminders */,
			);
		};
/* End PBXProject section */

/* Begin PBXResourcesBuildPhase section */
		282BBABC2BAF1F380091B827 /* Resources */ = {
			isa = PBXResourcesBuildPhase;
			buildActionMask = 2147483647;
			files = (
				282BBAC92BAF1F390091B827 /* Preview Assets.xcassets in Resources */,
				282BBAC62BAF1F390091B827 /* Assets.xcassets in Resources */,
				283D709D2BD4E09D000B49E7 /* moonwalk.jpeg in Resources */,
			);
			runOnlyForDeploymentPostprocessing = 0;
		};
/* End PBXResourcesBuildPhase section */

/* Begin PBXSourcesBuildPhase section */
		282BBABA2BAF1F380091B827 /* Sources */ = {
			isa = PBXSourcesBuildPhase;
			buildActionMask = 2147483647;
			files = (
				283D70962BD384FA000B49E7 /* LocalNotificationManager.swift in Sources */,
				283D70A02BD4E456000B49E7 /* NextView.swift in Sources */,
				28EA81302C4D5C5B00E9CE25 /* HomeNavigationSheetValues.swift in Sources */,
				28D5F8992C3191CC00294939 /* BottomBar.swift in Sources */,
				286D5FF42C20B29900448187 /* HomeView.swift in Sources */,
				283D70982BD38840000B49E7 /* ReminderCategoryDetails.swift in Sources */,
				286D5FFD2C20C0D000448187 /* View+.swift in Sources */,
				286D5FF92C20BCA700448187 /* ReminderList.swift in Sources */,
				28C0CB8A2C440B6F00B31B78 /* NewReminderView.swift in Sources */,
				28843FE12C319A6A00B8837D /* NewListView.swift in Sources */,
				286D60062C26078F00448187 /* RemindersCategoryView.swift in Sources */,
				286D5FF72C20BC2800448187 /* NavigationValues.swift in Sources */,
				286D60022C2356CF00448187 /* CategoriesView.swift in Sources */,
				283D709B2BD38E52000B49E7 /* LocalNotification.swift in Sources */,
				2836992D2BAF285200C95F04 /* ReminderCategory.swift in Sources */,
				28D5F89D2C31966000294939 /* NewReminderNavigationValues.swift in Sources */,
				282BBAD22BAF22210091B827 /* HomeViewModel.swift in Sources */,
				286D5FFF2C20C26300448187 /* NavigationManager.swift in Sources */,
				28D5F8952C317E9200294939 /* NavigationModal.swift in Sources */,
				28C0CB8D2C440C0800B31B78 /* NewReminderViewModel.swift in Sources */,
				282BBAC22BAF1F380091B827 /* RemindersApp.swift in Sources */,
				28AB8DB42C28215200A766E2 /* ListRowItem.swift in Sources */,
			);
			runOnlyForDeploymentPostprocessing = 0;
		};
/* End PBXSourcesBuildPhase section */

/* Begin XCBuildConfiguration section */
		282BBACA2BAF1F390091B827 /* Debug */ = {
			isa = XCBuildConfiguration;
			buildSettings = {
				ALWAYS_SEARCH_USER_PATHS = NO;
				ASSETCATALOG_COMPILER_GENERATE_SWIFT_ASSET_SYMBOL_EXTENSIONS = YES;
				CLANG_ANALYZER_NONNULL = YES;
				CLANG_ANALYZER_NUMBER_OBJECT_CONVERSION = YES_AGGRESSIVE;
				CLANG_CXX_LANGUAGE_STANDARD = "gnu++20";
				CLANG_ENABLE_MODULES = YES;
				CLANG_ENABLE_OBJC_ARC = YES;
				CLANG_ENABLE_OBJC_WEAK = YES;
				CLANG_WARN_BLOCK_CAPTURE_AUTORELEASING = YES;
				CLANG_WARN_BOOL_CONVERSION = YES;
				CLANG_WARN_COMMA = YES;
				CLANG_WARN_CONSTANT_CONVERSION = YES;
				CLANG_WARN_DEPRECATED_OBJC_IMPLEMENTATIONS = YES;
				CLANG_WARN_DIRECT_OBJC_ISA_USAGE = YES_ERROR;
				CLANG_WARN_DOCUMENTATION_COMMENTS = YES;
				CLANG_WARN_EMPTY_BODY = YES;
				CLANG_WARN_ENUM_CONVERSION = YES;
				CLANG_WARN_INFINITE_RECURSION = YES;
				CLANG_WARN_INT_CONVERSION = YES;
				CLANG_WARN_NON_LITERAL_NULL_CONVERSION = YES;
				CLANG_WARN_OBJC_IMPLICIT_RETAIN_SELF = YES;
				CLANG_WARN_OBJC_LITERAL_CONVERSION = YES;
				CLANG_WARN_OBJC_ROOT_CLASS = YES_ERROR;
				CLANG_WARN_QUOTED_INCLUDE_IN_FRAMEWORK_HEADER = YES;
				CLANG_WARN_RANGE_LOOP_ANALYSIS = YES;
				CLANG_WARN_STRICT_PROTOTYPES = YES;
				CLANG_WARN_SUSPICIOUS_MOVE = YES;
				CLANG_WARN_UNGUARDED_AVAILABILITY = YES_AGGRESSIVE;
				CLANG_WARN_UNREACHABLE_CODE = YES;
				CLANG_WARN__DUPLICATE_METHOD_MATCH = YES;
				COPY_PHASE_STRIP = NO;
				DEBUG_INFORMATION_FORMAT = dwarf;
				ENABLE_STRICT_OBJC_MSGSEND = YES;
				ENABLE_TESTABILITY = YES;
				ENABLE_USER_SCRIPT_SANDBOXING = YES;
				GCC_C_LANGUAGE_STANDARD = gnu17;
				GCC_DYNAMIC_NO_PIC = NO;
				GCC_NO_COMMON_BLOCKS = YES;
				GCC_OPTIMIZATION_LEVEL = 0;
				GCC_PREPROCESSOR_DEFINITIONS = (
					"DEBUG=1",
					"$(inherited)",
				);
				GCC_WARN_64_TO_32_BIT_CONVERSION = YES;
				GCC_WARN_ABOUT_RETURN_TYPE = YES_ERROR;
				GCC_WARN_UNDECLARED_SELECTOR = YES;
				GCC_WARN_UNINITIALIZED_AUTOS = YES_AGGRESSIVE;
				GCC_WARN_UNUSED_FUNCTION = YES;
				GCC_WARN_UNUSED_VARIABLE = YES;
				IPHONEOS_DEPLOYMENT_TARGET = 17.0;
				LOCALIZATION_PREFERS_STRING_CATALOGS = YES;
				MTL_ENABLE_DEBUG_INFO = INCLUDE_SOURCE;
				MTL_FAST_MATH = YES;
				ONLY_ACTIVE_ARCH = YES;
				SDKROOT = iphoneos;
				SWIFT_ACTIVE_COMPILATION_CONDITIONS = "DEBUG $(inherited)";
				SWIFT_OPTIMIZATION_LEVEL = "-Onone";
			};
			name = Debug;
		};
		282BBACB2BAF1F390091B827 /* Release */ = {
			isa = XCBuildConfiguration;
			buildSettings = {
				ALWAYS_SEARCH_USER_PATHS = NO;
				ASSETCATALOG_COMPILER_GENERATE_SWIFT_ASSET_SYMBOL_EXTENSIONS = YES;
				CLANG_ANALYZER_NONNULL = YES;
				CLANG_ANALYZER_NUMBER_OBJECT_CONVERSION = YES_AGGRESSIVE;
				CLANG_CXX_LANGUAGE_STANDARD = "gnu++20";
				CLANG_ENABLE_MODULES = YES;
				CLANG_ENABLE_OBJC_ARC = YES;
				CLANG_ENABLE_OBJC_WEAK = YES;
				CLANG_WARN_BLOCK_CAPTURE_AUTORELEASING = YES;
				CLANG_WARN_BOOL_CONVERSION = YES;
				CLANG_WARN_COMMA = YES;
				CLANG_WARN_CONSTANT_CONVERSION = YES;
				CLANG_WARN_DEPRECATED_OBJC_IMPLEMENTATIONS = YES;
				CLANG_WARN_DIRECT_OBJC_ISA_USAGE = YES_ERROR;
				CLANG_WARN_DOCUMENTATION_COMMENTS = YES;
				CLANG_WARN_EMPTY_BODY = YES;
				CLANG_WARN_ENUM_CONVERSION = YES;
				CLANG_WARN_INFINITE_RECURSION = YES;
				CLANG_WARN_INT_CONVERSION = YES;
				CLANG_WARN_NON_LITERAL_NULL_CONVERSION = YES;
				CLANG_WARN_OBJC_IMPLICIT_RETAIN_SELF = YES;
				CLANG_WARN_OBJC_LITERAL_CONVERSION = YES;
				CLANG_WARN_OBJC_ROOT_CLASS = YES_ERROR;
				CLANG_WARN_QUOTED_INCLUDE_IN_FRAMEWORK_HEADER = YES;
				CLANG_WARN_RANGE_LOOP_ANALYSIS = YES;
				CLANG_WARN_STRICT_PROTOTYPES = YES;
				CLANG_WARN_SUSPICIOUS_MOVE = YES;
				CLANG_WARN_UNGUARDED_AVAILABILITY = YES_AGGRESSIVE;
				CLANG_WARN_UNREACHABLE_CODE = YES;
				CLANG_WARN__DUPLICATE_METHOD_MATCH = YES;
				COPY_PHASE_STRIP = NO;
				DEBUG_INFORMATION_FORMAT = "dwarf-with-dsym";
				ENABLE_NS_ASSERTIONS = NO;
				ENABLE_STRICT_OBJC_MSGSEND = YES;
				ENABLE_USER_SCRIPT_SANDBOXING = YES;
				GCC_C_LANGUAGE_STANDARD = gnu17;
				GCC_NO_COMMON_BLOCKS = YES;
				GCC_WARN_64_TO_32_BIT_CONVERSION = YES;
				GCC_WARN_ABOUT_RETURN_TYPE = YES_ERROR;
				GCC_WARN_UNDECLARED_SELECTOR = YES;
				GCC_WARN_UNINITIALIZED_AUTOS = YES_AGGRESSIVE;
				GCC_WARN_UNUSED_FUNCTION = YES;
				GCC_WARN_UNUSED_VARIABLE = YES;
				IPHONEOS_DEPLOYMENT_TARGET = 17.0;
				LOCALIZATION_PREFERS_STRING_CATALOGS = YES;
				MTL_ENABLE_DEBUG_INFO = NO;
				MTL_FAST_MATH = YES;
				SDKROOT = iphoneos;
				SWIFT_COMPILATION_MODE = wholemodule;
				VALIDATE_PRODUCT = YES;
			};
			name = Release;
		};
		282BBACD2BAF1F390091B827 /* Debug */ = {
			isa = XCBuildConfiguration;
			buildSettings = {
				ASSETCATALOG_COMPILER_APPICON_NAME = AppIcon;
				ASSETCATALOG_COMPILER_GLOBAL_ACCENT_COLOR_NAME = AccentColor;
				CODE_SIGN_STYLE = Automatic;
				CURRENT_PROJECT_VERSION = 1;
				DEVELOPMENT_ASSET_PATHS = "\"Reminders/Preview Content\"";
				ENABLE_PREVIEWS = YES;
				GENERATE_INFOPLIST_FILE = YES;
				INFOPLIST_KEY_UIApplicationSceneManifest_Generation = YES;
				INFOPLIST_KEY_UIApplicationSupportsIndirectInputEvents = YES;
				INFOPLIST_KEY_UILaunchScreen_Generation = YES;
				INFOPLIST_KEY_UISupportedInterfaceOrientations_iPad = "UIInterfaceOrientationPortrait UIInterfaceOrientationPortraitUpsideDown UIInterfaceOrientationLandscapeLeft UIInterfaceOrientationLandscapeRight";
				INFOPLIST_KEY_UISupportedInterfaceOrientations_iPhone = "UIInterfaceOrientationPortrait UIInterfaceOrientationLandscapeLeft UIInterfaceOrientationLandscapeRight";
				IPHONEOS_DEPLOYMENT_TARGET = 16.0;
				LD_RUNPATH_SEARCH_PATHS = (
					"$(inherited)",
					"@executable_path/Frameworks",
				);
				MARKETING_VERSION = 1.0;
				PRODUCT_BUNDLE_IDENTIFIER = com.example.Reminders;
				PRODUCT_NAME = "$(TARGET_NAME)";
				SWIFT_EMIT_LOC_STRINGS = YES;
				SWIFT_VERSION = 5.0;
				TARGETED_DEVICE_FAMILY = "1,2";
			};
			name = Debug;
		};
		282BBACE2BAF1F390091B827 /* Release */ = {
			isa = XCBuildConfiguration;
			buildSettings = {
				ASSETCATALOG_COMPILER_APPICON_NAME = AppIcon;
				ASSETCATALOG_COMPILER_GLOBAL_ACCENT_COLOR_NAME = AccentColor;
				CODE_SIGN_STYLE = Automatic;
				CURRENT_PROJECT_VERSION = 1;
				DEVELOPMENT_ASSET_PATHS = "\"Reminders/Preview Content\"";
				ENABLE_PREVIEWS = YES;
				GENERATE_INFOPLIST_FILE = YES;
				INFOPLIST_KEY_UIApplicationSceneManifest_Generation = YES;
				INFOPLIST_KEY_UIApplicationSupportsIndirectInputEvents = YES;
				INFOPLIST_KEY_UILaunchScreen_Generation = YES;
				INFOPLIST_KEY_UISupportedInterfaceOrientations_iPad = "UIInterfaceOrientationPortrait UIInterfaceOrientationPortraitUpsideDown UIInterfaceOrientationLandscapeLeft UIInterfaceOrientationLandscapeRight";
				INFOPLIST_KEY_UISupportedInterfaceOrientations_iPhone = "UIInterfaceOrientationPortrait UIInterfaceOrientationLandscapeLeft UIInterfaceOrientationLandscapeRight";
				IPHONEOS_DEPLOYMENT_TARGET = 16.0;
				LD_RUNPATH_SEARCH_PATHS = (
					"$(inherited)",
					"@executable_path/Frameworks",
				);
				MARKETING_VERSION = 1.0;
				PRODUCT_BUNDLE_IDENTIFIER = com.example.Reminders;
				PRODUCT_NAME = "$(TARGET_NAME)";
				SWIFT_EMIT_LOC_STRINGS = YES;
				SWIFT_VERSION = 5.0;
				TARGETED_DEVICE_FAMILY = "1,2";
			};
			name = Release;
		};
/* End XCBuildConfiguration section */

/* Begin XCConfigurationList section */
		282BBAB92BAF1F370091B827 /* Build configuration list for PBXProject "Reminders" */ = {
			isa = XCConfigurationList;
			buildConfigurations = (
				282BBACA2BAF1F390091B827 /* Debug */,
				282BBACB2BAF1F390091B827 /* Release */,
			);
			defaultConfigurationIsVisible = 0;
			defaultConfigurationName = Release;
		};
		282BBACC2BAF1F390091B827 /* Build configuration list for PBXNativeTarget "Reminders" */ = {
			isa = XCConfigurationList;
			buildConfigurations = (
				282BBACD2BAF1F390091B827 /* Debug */,
				282BBACE2BAF1F390091B827 /* Release */,
			);
			defaultConfigurationIsVisible = 0;
			defaultConfigurationName = Release;
		};
/* End XCConfigurationList section */
	};
	rootObject = 282BBAB62BAF1F370091B827 /* Project object */;
}
